# This file is autogenerated, do not edit; changes may be undone by the next 'dep ensure'.


[[projects]]
  name = "github.com/Microsoft/go-winio"
  packages = ["."]
  revision = "78439966b38d69bf38227fbf57ac8a6fee70f69a"
  version = "v0.4.5"

[[projects]]
  name = "github.com/Sirupsen/logrus"
  packages = ["."]
  revision = "f006c2ac4710855cf0f916dd6b77acf6b048dc6e"
  version = "v1.0.3"

[[projects]]
  branch = "master"
  name = "github.com/docker/distribution"
  packages = ["digestset","reference"]
  revision = "7484e51bf6af0d3b1a849644cdaced3cfcf13617"

[[projects]]
  name = "github.com/docker/docker"
  packages = ["api","api/types","api/types/blkiodev","api/types/container","api/types/events","api/types/filters","api/types/image","api/types/mount","api/types/network","api/types/registry","api/types/strslice","api/types/swarm","api/types/time","api/types/versions","api/types/volume","client","pkg/ioutils","pkg/longpath","pkg/system","pkg/tlsconfig"]
  revision = "90d35abf7b3535c1c319c872900fbd76374e521c"
  version = "v17.05.0-ce-rc3"

[[projects]]
  name = "github.com/docker/go-connections"
  packages = ["nat","sockets","tlsconfig"]
  revision = "3ede32e2033de7505e6500d6c868c2b9ed9f169d"
  version = "v0.3.0"

[[projects]]
  name = "github.com/docker/go-units"
  packages = ["."]
  revision = "0dadbb0345b35ec7ef35e228dabb8de89a65bf52"
  version = "v0.3.2"

[[projects]]
  branch = "master"
  name = "github.com/docker/libtrust"
  packages = ["."]
  revision = "aabc10ec26b754e797f9028f4589c5b7bd90dc20"

[[projects]]
  name = "github.com/julienschmidt/httprouter"
  packages = ["."]
  revision = "8c199fb6259ffc1af525cc3ad52ee60ba8359669"
  version = "v1.1"

[[projects]]
  name = "github.com/opencontainers/go-digest"
  packages = ["."]
  revision = "279bed98673dd5bef374d3b6e4b09e2af76183bf"
  version = "v1.0.0-rc1"

[[projects]]
  name = "github.com/pkg/errors"
  packages = ["."]
  revision = "645ef00459ed84a119197bfb8d8205042c6df63d"
  version = "v0.8.0"

[[projects]]
  branch = "master"
  name = "golang.org/x/crypto"
  packages = ["ssh/terminal"]
  revision = "9419663f5a44be8b34ca85f08abc5fe1be11f8a3"

[[projects]]
  branch = "master"
  name = "golang.org/x/net"
  packages = ["context","context/ctxhttp","proxy"]
  revision = "a04bdaca5b32abe1c069418fb7088ae607de5bd0"

[[projects]]
  branch = "master"
  name = "golang.org/x/sys"
  packages = ["unix","windows"]
  revision = "686000749eaec0b8855b8eef5336cf63899fe51d"

[solve-meta]
  analyzer-name = "dep"
  analyzer-version = 1
  inputs-digest = "3be913be2c798ae0e31716ece019dbcbf9c293162da70aa1dcc961d0eb355d77"
  solver-name = "gps-cdcl"
  solver-version = 1
